
Microsoft Visual Studio Solution File, Format Version 12.00
# Visual Studio Version 16
VisualStudioVersion = 16.0.28803.452
MinimumVisualStudioVersion = 10.0.40219.1
Project("{9A19103F-16F7-4668-BE54-9A1E7A4F7556}") = "RazorPagesTestSample", "src\RazorPagesTestSample\RazorPagesTestSample.csproj", "{54824DBA-037B-410D-A847-A1324691DAEF}"
EndProject
Global
	GlobalSection(SolutionConfigurationPlatforms) = preSolution
		Debug|Any CPU = Debug|Any CPU
		Release|Any CPU = Release|Any CPU
	EndGlobalSection
	GlobalSection(ProjectConfigurationPlatforms) = postSolution
		{54824DBA-037B-410D-A847-A1324691DAEF}.Debug|Any CPU.ActiveCfg = Debug|Any CPU
		{54824DBA-037B-410D-A847-A1324691DAEF}.Debug|Any CPU.Build.0 = Debug|Any CPU
		{54824DBA-037B-410D-A847-A1324691DAEF}.Release|Any CPU.ActiveCfg = Release|Any CPU
		{54824DBA-037B-410D-A847-A1324691DAEF}.Release|Any CPU.Build.0 = Release|Any CPU
	EndGlobalSection
	GlobalSection(SolutionProperties) = preSolution
		HideSolutionNode = FALSE
	EndGlobalSection
	GlobalSection(ExtensibilityGlobals) = postSolution
		SolutionGuid = {903B4F8E-CF56-4D31-9B33-8985EDE32FCE}
	EndGlobalSection
EndGlobal
